
Microsoft Visual Studio Solution File, Format Version 12.00
# Visual Studio Version 16
VisualStudioVersion = 16.0.30001.183
MinimumVisualStudioVersion = 10.0.40219.1
Project("{FAE04EC0-301F-11D3-BF4B-00C04F79EFBC}") = "BuscadorIndex", "BuscadorIndex.csproj", "{28E2BD9A-9308-4BF3-A948-CF59224BE370}"
EndProject
Global
	GlobalSection(SolutionConfigurationPlatforms) = preSolution
		Debug|Any CPU = Debug|Any CPU
		Release|Any CPU = Release|Any CPU
	EndGlobalSection
	GlobalSection(ProjectConfigurationPlatforms) = postSolution
		{28E2BD9A-9308-4BF3-A948-CF59224BE370}.Debug|Any CPU.ActiveCfg = Debug|Any CPU
		{28E2BD9A-9308-4BF3-A948-CF59224BE370}.Debug|Any CPU.Build.0 = Debug|Any CPU
		{28E2BD9A-9308-4BF3-A948-CF59224BE370}.Release|Any CPU.ActiveCfg = Release|Any CPU
		{28E2BD9A-9308-4BF3-A948-CF59224BE370}.Release|Any CPU.Build.0 = Release|Any CPU
	EndGlobalSection
	GlobalSection(SolutionProperties) = preSolution
		HideSolutionNode = FALSE
	EndGlobalSection
	GlobalSection(ExtensibilityGlobals) = postSolution
		SolutionGuid = {8F3FA691-523E-476D-9502-80A4AE531C0E}
	EndGlobalSection
EndGlobal
